// !$*UTF8*$!
{
	archiveVersion = 1;
	classes = {
	};
	objectVersion = 50;
	objects = {

/* Begin PBXBuildFile section */
		E21CAA86215F5FD50032EFF6 /* Category+CoreDataClass.swift in Sources */ = {isa = PBXBuildFile; fileRef = E21CAA82215F5FD50032EFF6 /* Category+CoreDataClass.swift */; };
		E21CAA87215F5FD50032EFF6 /* Category+CoreDataProperties.swift in Sources */ = {isa = PBXBuildFile; fileRef = E21CAA83215F5FD50032EFF6 /* Category+CoreDataProperties.swift */; };
		E21CAA88215F5FD50032EFF6 /* Document+CoreDataClass.swift in Sources */ = {isa = PBXBuildFile; fileRef = E21CAA84215F5FD50032EFF6 /* Document+CoreDataClass.swift */; };
		E21CAA89215F5FD50032EFF6 /* Document+CoreDataProperties.swift in Sources */ = {isa = PBXBuildFile; fileRef = E21CAA85215F5FD50032EFF6 /* Document+CoreDataProperties.swift */; };
		E2367912213F1C5400F040E1 /* AppDelegate.swift in Sources */ = {isa = PBXBuildFile; fileRef = E2367911213F1C5400F040E1 /* AppDelegate.swift */; };
		E2367917213F1C5400F040E1 /* Main.storyboard in Resources */ = {isa = PBXBuildFile; fileRef = E2367915213F1C5400F040E1 /* Main.storyboard */; };
		E236791A213F1C5400F040E1 /* Documents.xcdatamodeld in Sources */ = {isa = PBXBuildFile; fileRef = E2367918213F1C5400F040E1 /* Documents.xcdatamodeld */; };
		E236791C213F1C5600F040E1 /* Assets.xcassets in Resources */ = {isa = PBXBuildFile; fileRef = E236791B213F1C5600F040E1 /* Assets.xcassets */; };
		E236791F213F1C5600F040E1 /* LaunchScreen.storyboard in Resources */ = {isa = PBXBuildFile; fileRef = E236791D213F1C5600F040E1 /* LaunchScreen.storyboard */; };
		E236792A213F1C5600F040E1 /* DocumentsTests.swift in Sources */ = {isa = PBXBuildFile; fileRef = E2367929213F1C5600F040E1 /* DocumentsTests.swift */; };
		E2367935213F1C5600F040E1 /* DocumentsUITests.swift in Sources */ = {isa = PBXBuildFile; fileRef = E2367934213F1C5600F040E1 /* DocumentsUITests.swift */; };
		E24B624521589A6A00D21B02 /* CategoriesViewController.swift in Sources */ = {isa = PBXBuildFile; fileRef = E24B624421589A6A00D21B02 /* CategoriesViewController.swift */; };
		E24B624721589AC400D21B02 /* DocumentsViewController.swift in Sources */ = {isa = PBXBuildFile; fileRef = E24B624621589AC400D21B02 /* DocumentsViewController.swift */; };
		E24B624921589AE800D21B02 /* NewCategoryViewController.swift in Sources */ = {isa = PBXBuildFile; fileRef = E24B624821589AE800D21B02 /* NewCategoryViewController.swift */; };
		E24B624B21589B0600D21B02 /* NewDocumentViewController.swift in Sources */ = {isa = PBXBuildFile; fileRef = E24B624A21589B0600D21B02 /* NewDocumentViewController.swift */; };
/* End PBXBuildFile section */

/* Begin PBXContainerItemProxy section */
		E2367926213F1C5600F040E1 /* PBXContainerItemProxy */ = {
			isa = PBXContainerItemProxy;
			containerPortal = E2367906213F1C5400F040E1 /* Project object */;
			proxyType = 1;
			remoteGlobalIDString = E236790D213F1C5400F040E1;
			remoteInfo = Documents;
		};
		E2367931213F1C5600F040E1 /* PBXContainerItemProxy */ = {
			isa = PBXContainerItemProxy;
			containerPortal = E2367906213F1C5400F040E1 /* Project object */;
			proxyType = 1;
			remoteGlobalIDString = E236790D213F1C5400F040E1;
			remoteInfo = Documents;
		};
/* End PBXContainerItemProxy section */

/* Begin PBXFileReference section */
		E21CAA82215F5FD50032EFF6 /* Category+CoreDataClass.swift */ = {isa = PBXFileReference; lastKnownFileType = sourcecode.swift; path = "Category+CoreDataClass.swift"; sourceTree = "<group>"; };
		E21CAA83215F5FD50032EFF6 /* Category+CoreDataProperties.swift */ = {isa = PBXFileReference; lastKnownFileType = sourcecode.swift; path = "Category+CoreDataProperties.swift"; sourceTree = "<group>"; };
		E21CAA84215F5FD50032EFF6 /* Document+CoreDataClass.swift */ = {isa = PBXFileReference; lastKnownFileType = sourcecode.swift; path = "Document+CoreDataClass.swift"; sourceTree = "<group>"; };
		E21CAA85215F5FD50032EFF6 /* Document+CoreDataProperties.swift */ = {isa = PBXFileReference; lastKnownFileType = sourcecode.swift; path = "Document+CoreDataProperties.swift"; sourceTree = "<group>"; };
		E236790E213F1C5400F040E1 /* Documents.app */ = {isa = PBXFileReference; explicitFileType = wrapper.application; includeInIndex = 0; path = Documents.app; sourceTree = BUILT_PRODUCTS_DIR; };
		E2367911213F1C5400F040E1 /* AppDelegate.swift */ = {isa = PBXFileReference; lastKnownFileType = sourcecode.swift; path = AppDelegate.swift; sourceTree = "<group>"; };
		E2367916213F1C5400F040E1 /* Base */ = {isa = PBXFileReference; lastKnownFileType = file.storyboard; name = Base; path = Base.lproj/Main.storyboard; sourceTree = "<group>"; };
		E2367919213F1C5400F040E1 /* Documents.xcdatamodel */ = {isa = PBXFileReference; lastKnownFileType = wrapper.xcdatamodel; path = Documents.xcdatamodel; sourceTree = "<group>"; };
		E236791B213F1C5600F040E1 /* Assets.xcassets */ = {isa = PBXFileReference; lastKnownFileType = folder.assetcatalog; path = Assets.xcassets; sourceTree = "<group>"; };
		E236791E213F1C5600F040E1 /* Base */ = {isa = PBXFileReference; lastKnownFileType = file.storyboard; name = Base; path = Base.lproj/LaunchScreen.storyboard; sourceTree = "<group>"; };
		E2367920213F1C5600F040E1 /* Info.plist */ = {isa = PBXFileReference; lastKnownFileType = text.plist.xml; path = Info.plist; sourceTree = "<group>"; };
		E2367925213F1C5600F040E1 /* DocumentsTests.xctest */ = {isa = PBXFileReference; explicitFileType = wrapper.cfbundle; includeInIndex = 0; path = DocumentsTests.xctest; sourceTree = BUILT_PRODUCTS_DIR; };
		E2367929213F1C5600F040E1 /* DocumentsTests.swift */ = {isa = PBXFileReference; lastKnownFileType = sourcecode.swift; path = DocumentsTests.swift; sourceTree = "<group>"; };
		E236792B213F1C5600F040E1 /* Info.plist */ = {isa = PBXFileReference; lastKnownFileType = text.plist.xml; path = Info.plist; sourceTree = "<group>"; };
		E2367930213F1C5600F040E1 /* DocumentsUITests.xctest */ = {isa = PBXFileReference; explicitFileType = wrapper.cfbundle; includeInIndex = 0; path = DocumentsUITests.xctest; sourceTree = BUILT_PRODUCTS_DIR; };
		E2367934213F1C5600F040E1 /* DocumentsUITests.swift */ = {isa = PBXFileReference; lastKnownFileType = sourcecode.swift; path = DocumentsUITests.swift; sourceTree = "<group>"; };
		E2367936213F1C5600F040E1 /* Info.plist */ = {isa = PBXFileReference; lastKnownFileType = text.plist.xml; path = Info.plist; sourceTree = "<group>"; };
		E24B624421589A6A00D21B02 /* CategoriesViewController.swift */ = {isa = PBXFileReference; lastKnownFileType = sourcecode.swift; path = CategoriesViewController.swift; sourceTree = "<group>"; };
		E24B624621589AC400D21B02 /* DocumentsViewController.swift */ = {isa = PBXFileReference; lastKnownFileType = sourcecode.swift; path = DocumentsViewController.swift; sourceTree = "<group>"; };
		E24B624821589AE800D21B02 /* NewCategoryViewController.swift */ = {isa = PBXFileReference; lastKnownFileType = sourcecode.swift; path = NewCategoryViewController.swift; sourceTree = "<group>"; };
		E24B624A21589B0600D21B02 /* NewDocumentViewController.swift */ = {isa = PBXFileReference; lastKnownFileType = sourcecode.swift; path = NewDocumentViewController.swift; sourceTree = "<group>"; };
/* End PBXFileReference section */

/* Begin PBXFrameworksBuildPhase section */
		E236790B213F1C5400F040E1 /* Frameworks */ = {
			isa = PBXFrameworksBuildPhase;
			buildActionMask = 2147483647;
			files = (
			);
			runOnlyForDeploymentPostprocessing = 0;
		};
		E2367922213F1C5600F040E1 /* Frameworks */ = {
			isa = PBXFrameworksBuildPhase;
			buildActionMask = 2147483647;
			files = (
			);
			runOnlyForDeploymentPostprocessing = 0;
		};
		E236792D213F1C5600F040E1 /* Frameworks */ = {
			isa = PBXFrameworksBuildPhase;
			buildActionMask = 2147483647;
			files = (
			);
			runOnlyForDeploymentPostprocessing = 0;
		};
/* End PBXFrameworksBuildPhase section */

/* Begin PBXGroup section */
		E2367905213F1C5400F040E1 = {
			isa = PBXGroup;
			children = (
				E2367910213F1C5400F040E1 /* Documents */,
				E2367928213F1C5600F040E1 /* DocumentsTests */,
				E2367933213F1C5600F040E1 /* DocumentsUITests */,
				E236790F213F1C5400F040E1 /* Products */,
			);
			sourceTree = "<group>";
		};
		E236790F213F1C5400F040E1 /* Products */ = {
			isa = PBXGroup;
			children = (
				E236790E213F1C5400F040E1 /* Documents.app */,
				E2367925213F1C5600F040E1 /* DocumentsTests.xctest */,
				E2367930213F1C5600F040E1 /* DocumentsUITests.xctest */,
			);
			name = Products;
			sourceTree = "<group>";
		};
		E2367910213F1C5400F040E1 /* Documents */ = {
			isa = PBXGroup;
			children = (
				E21CAA82215F5FD50032EFF6 /* Category+CoreDataClass.swift */,
				E21CAA83215F5FD50032EFF6 /* Category+CoreDataProperties.swift */,
				E21CAA84215F5FD50032EFF6 /* Document+CoreDataClass.swift */,
				E21CAA85215F5FD50032EFF6 /* Document+CoreDataProperties.swift */,
				E24B624421589A6A00D21B02 /* CategoriesViewController.swift */,
				E24B624821589AE800D21B02 /* NewCategoryViewController.swift */,
				E24B624621589AC400D21B02 /* DocumentsViewController.swift */,
				E24B624A21589B0600D21B02 /* NewDocumentViewController.swift */,
				E2367911213F1C5400F040E1 /* AppDelegate.swift */,
				E2367915213F1C5400F040E1 /* Main.storyboard */,
				E236791D213F1C5600F040E1 /* LaunchScreen.storyboard */,
				E2367920213F1C5600F040E1 /* Info.plist */,
				E2367918213F1C5400F040E1 /* Documents.xcdatamodeld */,
				E236791B213F1C5600F040E1 /* Assets.xcassets */,
			);
			path = Documents;
			sourceTree = "<group>";
		};
		E2367928213F1C5600F040E1 /* DocumentsTests */ = {
			isa = PBXGroup;
			children = (
				E2367929213F1C5600F040E1 /* DocumentsTests.swift */,
				E236792B213F1C5600F040E1 /* Info.plist */,
			);
			path = DocumentsTests;
			sourceTree = "<group>";
		};
		E2367933213F1C5600F040E1 /* DocumentsUITests */ = {
			isa = PBXGroup;
			children = (
				E2367934213F1C5600F040E1 /* DocumentsUITests.swift */,
				E2367936213F1C5600F040E1 /* Info.plist */,
			);
			path = DocumentsUITests;
			sourceTree = "<group>";
		};
/* End PBXGroup section */

/* Begin PBXNativeTarget section */
		E236790D213F1C5400F040E1 /* Documents */ = {
			isa = PBXNativeTarget;
			buildConfigurationList = E2367939213F1C5600F040E1 /* Build configuration list for PBXNativeTarget "Documents" */;
			buildPhases = (
				E236790A213F1C5400F040E1 /* Sources */,
				E236790B213F1C5400F040E1 /* Frameworks */,
				E236790C213F1C5400F040E1 /* Resources */,
			);
			buildRules = (
			);
			dependencies = (
			);
			name = Documents;
			productName = Documents;
			productReference = E236790E213F1C5400F040E1 /* Documents.app */;
			productType = "com.apple.product-type.application";
		};
		E2367924213F1C5600F040E1 /* DocumentsTests */ = {
			isa = PBXNativeTarget;
			buildConfigurationList = E236793C213F1C5600F040E1 /* Build configuration list for PBXNativeTarget "DocumentsTests" */;
			buildPhases = (
				E2367921213F1C5600F040E1 /* Sources */,
				E2367922213F1C5600F040E1 /* Frameworks */,
				E2367923213F1C5600F040E1 /* Resources */,
			);
			buildRules = (
			);
			dependencies = (
				E2367927213F1C5600F040E1 /* PBXTargetDependency */,
			);
			name = DocumentsTests;
			productName = DocumentsTests;
			productReference = E2367925213F1C5600F040E1 /* DocumentsTests.xctest */;
			productType = "com.apple.product-type.bundle.unit-test";
		};
		E236792F213F1C5600F040E1 /* DocumentsUITests */ = {
			isa = PBXNativeTarget;
			buildConfigurationList = E236793F213F1C5600F040E1 /* Build configuration list for PBXNativeTarget "DocumentsUITests" */;
			buildPhases = (
				E236792C213F1C5600F040E1 /* Sources */,
				E236792D213F1C5600F040E1 /* Frameworks */,
				E236792E213F1C5600F040E1 /* Resources */,
			);
			buildRules = (
			);
			dependencies = (
				E2367932213F1C5600F040E1 /* PBXTargetDependency */,
			);
			name = DocumentsUITests;
			productName = DocumentsUITests;
			productReference = E2367930213F1C5600F040E1 /* DocumentsUITests.xctest */;
			productType = "com.apple.product-type.bundle.ui-testing";
		};
/* End PBXNativeTarget section */

/* Begin PBXProject section */
		E2367906213F1C5400F040E1 /* Project object */ = {
			isa = PBXProject;
			attributes = {
				LastSwiftUpdateCheck = 0940;
				LastUpgradeCheck = 0940;
				ORGANIZATIONNAME = "Brendan Krekeler";
				TargetAttributes = {
					E236790D213F1C5400F040E1 = {
						CreatedOnToolsVersion = 9.4.1;
						LastSwiftMigration = 1000;
					};
					E2367924213F1C5600F040E1 = {
						CreatedOnToolsVersion = 9.4.1;
						LastSwiftMigration = 1000;
						TestTargetID = E236790D213F1C5400F040E1;
					};
					E236792F213F1C5600F040E1 = {
						CreatedOnToolsVersion = 9.4.1;
						LastSwiftMigration = 1000;
						TestTargetID = E236790D213F1C5400F040E1;
					};
				};
			};
			buildConfigurationList = E2367909213F1C5400F040E1 /* Build configuration list for PBXProject "Documents" */;
			compatibilityVersion = "Xcode 9.3";
			developmentRegion = en;
			hasScannedForEncodings = 0;
			knownRegions = (
				en,
				Base,
			);
			mainGroup = E2367905213F1C5400F040E1;
			productRefGroup = E236790F213F1C5400F040E1 /* Products */;
			projectDirPath = "";
			projectRoot = "";
			targets = (
				E236790D213F1C5400F040E1 /* Documents */,
				E2367924213F1C5600F040E1 /* DocumentsTests */,
				E236792F213F1C5600F040E1 /* DocumentsUITests */,
			);
		};
/* End PBXProject section */

/* Begin PBXResourcesBuildPhase section */
		E236790C213F1C5400F040E1 /* Resources */ = {
			isa = PBXResourcesBuildPhase;
			buildActionMask = 2147483647;
			files = (
				E236791F213F1C5600F040E1 /* LaunchScreen.storyboard in Resources */,
				E236791C213F1C5600F040E1 /* Assets.xcassets in Resources */,
				E2367917213F1C5400F040E1 /* Main.storyboard in Resources */,
			);
			runOnlyForDeploymentPostprocessing = 0;
		};
		E2367923213F1C5600F040E1 /* Resources */ = {
			isa = PBXResourcesBuildPhase;
			buildActionMask = 2147483647;
			files = (
			);
			runOnlyForDeploymentPostprocessing = 0;
		};
		E236792E213F1C5600F040E1 /* Resources */ = {
			isa = PBXResourcesBuildPhase;
			buildActionMask = 2147483647;
			files = (
			);
			runOnlyForDeploymentPostprocessing = 0;
		};
/* End PBXResourcesBuildPhase section */

/* Begin PBXSourcesBuildPhase section */
		E236790A213F1C5400F040E1 /* Sources */ = {
			isa = PBXSourcesBuildPhase;
			buildActionMask = 2147483647;
			files = (
				E24B624721589AC400D21B02 /* DocumentsViewController.swift in Sources */,
				E24B624921589AE800D21B02 /* NewCategoryViewController.swift in Sources */,
				E21CAA86215F5FD50032EFF6 /* Category+CoreDataClass.swift in Sources */,
				E236791A213F1C5400F040E1 /* Documents.xcdatamodeld in Sources */,
				E24B624521589A6A00D21B02 /* CategoriesViewController.swift in Sources */,
				E24B624B21589B0600D21B02 /* NewDocumentViewController.swift in Sources */,
				E21CAA89215F5FD50032EFF6 /* Document+CoreDataProperties.swift in Sources */,
				E21CAA88215F5FD50032EFF6 /* Document+CoreDataClass.swift in Sources */,
				E2367912213F1C5400F040E1 /* AppDelegate.swift in Sources */,
				E21CAA87215F5FD50032EFF6 /* Category+CoreDataProperties.swift in Sources */,
			);
			runOnlyForDeploymentPostprocessing = 0;
		};
		E2367921213F1C5600F040E1 /* Sources */ = {
			isa = PBXSourcesBuildPhase;
			buildActionMask = 2147483647;
			files = (
				E236792A213F1C5600F040E1 /* DocumentsTests.swift in Sources */,
			);
			runOnlyForDeploymentPostprocessing = 0;
		};
		E236792C213F1C5600F040E1 /* Sources */ = {
			isa = PBXSourcesBuildPhase;
			buildActionMask = 2147483647;
			files = (
				E2367935213F1C5600F040E1 /* DocumentsUITests.swift in Sources */,
			);
			runOnlyForDeploymentPostprocessing = 0;
		};
/* End PBXSourcesBuildPhase section */

/* Begin PBXTargetDependency section */
		E2367927213F1C5600F040E1 /* PBXTargetDependency */ = {
			isa = PBXTargetDependency;
			target = E236790D213F1C5400F040E1 /* Documents */;
			targetProxy = E2367926213F1C5600F040E1 /* PBXContainerItemProxy */;
		};
		E2367932213F1C5600F040E1 /* PBXTargetDependency */ = {
			isa = PBXTargetDependency;
			target = E236790D213F1C5400F040E1 /* Documents */;
			targetProxy = E2367931213F1C5600F040E1 /* PBXContainerItemProxy */;
		};
/* End PBXTargetDependency section */

/* Begin PBXVariantGroup section */
		E2367915213F1C5400F040E1 /* Main.storyboard */ = {
			isa = PBXVariantGroup;
			children = (
				E2367916213F1C5400F040E1 /* Base */,
			);
			name = Main.storyboard;
			sourceTree = "<group>";
		};
		E236791D213F1C5600F040E1 /* LaunchScreen.storyboard */ = {
			isa = PBXVariantGroup;
			children = (
				E236791E213F1C5600F040E1 /* Base */,
			);
			name = LaunchScreen.storyboard;
			sourceTree = "<group>";
		};
/* End PBXVariantGroup section */

/* Begin XCBuildConfiguration section */
		E2367937213F1C5600F040E1 /* Debug */ = {
			isa = XCBuildConfiguration;
			buildSettings = {
				ALWAYS_SEARCH_USER_PATHS = NO;
				CLANG_ANALYZER_NONNULL = YES;
				CLANG_ANALYZER_NUMBER_OBJECT_CONVERSION = YES_AGGRESSIVE;
				CLANG_CXX_LANGUAGE_STANDARD = "gnu++14";
				CLANG_CXX_LIBRARY = "libc++";
				CLANG_ENABLE_MODULES = YES;
				CLANG_ENABLE_OBJC_ARC = YES;
				CLANG_ENABLE_OBJC_WEAK = YES;
				CLANG_WARN_BLOCK_CAPTURE_AUTORELEASING = YES;
				CLANG_WARN_BOOL_CONVERSION = YES;
				CLANG_WARN_COMMA = YES;
				CLANG_WARN_CONSTANT_CONVERSION = YES;
				CLANG_WARN_DEPRECATED_OBJC_IMPLEMENTATIONS = YES;
				CLANG_WARN_DIRECT_OBJC_ISA_USAGE = YES_ERROR;
				CLANG_WARN_DOCUMENTATION_COMMENTS = YES;
				CLANG_WARN_EMPTY_BODY = YES;
				CLANG_WARN_ENUM_CONVERSION = YES;
				CLANG_WARN_INFINITE_RECURSION = YES;
				CLANG_WARN_INT_CONVERSION = YES;
				CLANG_WARN_NON_LITERAL_NULL_CONVERSION = YES;
				CLANG_WARN_OBJC_IMPLICIT_RETAIN_SELF = YES;
				CLANG_WARN_OBJC_LITERAL_CONVERSION = YES;
				CLANG_WARN_OBJC_ROOT_CLASS = YES_ERROR;
				CLANG_WARN_RANGE_LOOP_ANALYSIS = YES;
				CLANG_WARN_STRICT_PROTOTYPES = YES;
				CLANG_WARN_SUSPICIOUS_MOVE = YES;
				CLANG_WARN_UNGUARDED_AVAILABILITY = YES_AGGRESSIVE;
				CLANG_WARN_UNREACHABLE_CODE = YES;
				CLANG_WARN__DUPLICATE_METHOD_MATCH = YES;
				CODE_SIGN_IDENTITY = "iPhone Developer";
				COPY_PHASE_STRIP = NO;
				DEBUG_INFORMATION_FORMAT = dwarf;
				ENABLE_STRICT_OBJC_MSGSEND = YES;
				ENABLE_TESTABILITY = YES;
				GCC_C_LANGUAGE_STANDARD = gnu11;
				GCC_DYNAMIC_NO_PIC = NO;
				GCC_NO_COMMON_BLOCKS = YES;
				GCC_OPTIMIZATION_LEVEL = 0;
				GCC_PREPROCESSOR_DEFINITIONS = (
					"DEBUG=1",
					"$(inherited)",
				);
				GCC_WARN_64_TO_32_BIT_CONVERSION = YES;
				GCC_WARN_ABOUT_RETURN_TYPE = YES_ERROR;
				GCC_WARN_UNDECLARED_SELECTOR = YES;
				GCC_WARN_UNINITIALIZED_AUTOS = YES_AGGRESSIVE;
				GCC_WARN_UNUSED_FUNCTION = YES;
				GCC_WARN_UNUSED_VARIABLE = YES;
				IPHONEOS_DEPLOYMENT_TARGET = 11.4;
				MTL_ENABLE_DEBUG_INFO = YES;
				ONLY_ACTIVE_ARCH = YES;
				SDKROOT = iphoneos;
				SWIFT_ACTIVE_COMPILATION_CONDITIONS = DEBUG;
				SWIFT_OPTIMIZATION_LEVEL = "-Onone";
			};
			name = Debug;
		};
		E2367938213F1C5600F040E1 /* Release */ = {
			isa = XCBuildConfiguration;
			buildSettings = {
				ALWAYS_SEARCH_USER_PATHS = NO;
				CLANG_ANALYZER_NONNULL = YES;
				CLANG_ANALYZER_NUMBER_OBJECT_CONVERSION = YES_AGGRESSIVE;
				CLANG_CXX_LANGUAGE_STANDARD = "gnu++14";
				CLANG_CXX_LIBRARY = "libc++";
				CLANG_ENABLE_MODULES = YES;
				CLANG_ENABLE_OBJC_ARC = YES;
				CLANG_ENABLE_OBJC_WEAK = YES;
				CLANG_WARN_BLOCK_CAPTURE_AUTORELEASING = YES;
				CLANG_WARN_BOOL_CONVERSION = YES;
				CLANG_WARN_COMMA = YES;
				CLANG_WARN_CONSTANT_CONVERSION = YES;
				CLANG_WARN_DEPRECATED_OBJC_IMPLEMENTATIONS = YES;
				CLANG_WARN_DIRECT_OBJC_ISA_USAGE = YES_ERROR;
				CLANG_WARN_DOCUMENTATION_COMMENTS = YES;
				CLANG_WARN_EMPTY_BODY = YES;
				CLANG_WARN_ENUM_CONVERSION = YES;
				CLANG_WARN_INFINITE_RECURSION = YES;
				CLANG_WARN_INT_CONVERSION = YES;
				CLANG_WARN_NON_LITERAL_NULL_CONVERSION = YES;
				CLANG_WARN_OBJC_IMPLICIT_RETAIN_SELF = YES;
				CLANG_WARN_OBJC_LITERAL_CONVERSION = YES;
				CLANG_WARN_OBJC_ROOT_CLASS = YES_ERROR;
				CLANG_WARN_RANGE_LOOP_ANALYSIS = YES;
				CLANG_WARN_STRICT_PROTOTYPES = YES;
				CLANG_WARN_SUSPICIOUS_MOVE = YES;
				CLANG_WARN_UNGUARDED_AVAILABILITY = YES_AGGRESSIVE;
				CLANG_WARN_UNREACHABLE_CODE = YES;
				CLANG_WARN__DUPLICATE_METHOD_MATCH = YES;
				CODE_SIGN_IDENTITY = "iPhone Developer";
				COPY_PHASE_STRIP = NO;
				DEBUG_INFORMATION_FORMAT = "dwarf-with-dsym";
				ENABLE_NS_ASSERTIONS = NO;
				ENABLE_STRICT_OBJC_MSGSEND = YES;
				GCC_C_LANGUAGE_STANDARD = gnu11;
				GCC_NO_COMMON_BLOCKS = YES;
				GCC_WARN_64_TO_32_BIT_CONVERSION = YES;
				GCC_WARN_ABOUT_RETURN_TYPE = YES_ERROR;
				GCC_WARN_UNDECLARED_SELECTOR = YES;
				GCC_WARN_UNINITIALIZED_AUTOS = YES_AGGRESSIVE;
				GCC_WARN_UNUSED_FUNCTION = YES;
				GCC_WARN_UNUSED_VARIABLE = YES;
				IPHONEOS_DEPLOYMENT_TARGET = 11.4;
				MTL_ENABLE_DEBUG_INFO = NO;
				SDKROOT = iphoneos;
				SWIFT_COMPILATION_MODE = wholemodule;
				SWIFT_OPTIMIZATION_LEVEL = "-O";
				VALIDATE_PRODUCT = YES;
			};
			name = Release;
		};
		E236793A213F1C5600F040E1 /* Debug */ = {
			isa = XCBuildConfiguration;
			buildSettings = {
				ASSETCATALOG_COMPILER_APPICON_NAME = AppIcon;
				CODE_SIGN_STYLE = Automatic;
				DEVELOPMENT_TEAM = CY884D2HTC;
				INFOPLIST_FILE = Documents/Info.plist;
				LD_RUNPATH_SEARCH_PATHS = (
					"$(inherited)",
					"@executable_path/Frameworks",
				);
				PRODUCT_BUNDLE_IDENTIFIER = online.edu.missouri.Documents;
				PRODUCT_NAME = "$(TARGET_NAME)";
				SWIFT_VERSION = 4.2;
				TARGETED_DEVICE_FAMILY = "1,2";
			};
			name = Debug;
		};
		E236793B213F1C5600F040E1 /* Release */ = {
			isa = XCBuildConfiguration;
			buildSettings = {
				ASSETCATALOG_COMPILER_APPICON_NAME = AppIcon;
				CODE_SIGN_STYLE = Automatic;
				DEVELOPMENT_TEAM = CY884D2HTC;
				INFOPLIST_FILE = Documents/Info.plist;
				LD_RUNPATH_SEARCH_PATHS = (
					"$(inherited)",
					"@executable_path/Frameworks",
				);
				PRODUCT_BUNDLE_IDENTIFIER = online.edu.missouri.Documents;
				PRODUCT_NAME = "$(TARGET_NAME)";
				SWIFT_VERSION = 4.2;
				TARGETED_DEVICE_FAMILY = "1,2";
			};
			name = Release;
		};
		E236793D213F1C5600F040E1 /* Debug */ = {
			isa = XCBuildConfiguration;
			buildSettings = {
				ALWAYS_EMBED_SWIFT_STANDARD_LIBRARIES = YES;
				BUNDLE_LOADER = "$(TEST_HOST)";
				CODE_SIGN_STYLE = Automatic;
				DEVELOPMENT_TEAM = CY884D2HTC;
				INFOPLIST_FILE = DocumentsTests/Info.plist;
				LD_RUNPATH_SEARCH_PATHS = (
					"$(inherited)",
					"@executable_path/Frameworks",
					"@loader_path/Frameworks",
				);
				PRODUCT_BUNDLE_IDENTIFIER = online.edu.missouri.DocumentsTests;
				PRODUCT_NAME = "$(TARGET_NAME)";
				SWIFT_VERSION = 4.2;
				TARGETED_DEVICE_FAMILY = "1,2";
				TEST_HOST = "$(BUILT_PRODUCTS_DIR)/Documents.app/Documents";
			};
			name = Debug;
		};
		E236793E213F1C5600F040E1 /* Release */ = {
			isa = XCBuildConfiguration;
			buildSettings = {
				ALWAYS_EMBED_SWIFT_STANDARD_LIBRARIES = YES;
				BUNDLE_LOADER = "$(TEST_HOST)";
				CODE_SIGN_STYLE = Automatic;
				DEVELOPMENT_TEAM = CY884D2HTC;
				INFOPLIST_FILE = DocumentsTests/Info.plist;
				LD_RUNPATH_SEARCH_PATHS = (
					"$(inherited)",
					"@executable_path/Frameworks",
					"@loader_path/Frameworks",
				);
				PRODUCT_BUNDLE_IDENTIFIER = online.edu.missouri.DocumentsTests;
				PRODUCT_NAME = "$(TARGET_NAME)";
				SWIFT_VERSION = 4.2;
				TARGETED_DEVICE_FAMILY = "1,2";
				TEST_HOST = "$(BUILT_PRODUCTS_DIR)/Documents.app/Documents";
			};
			name = Release;
		};
		E2367940213F1C5600F040E1 /* Debug */ = {
			isa = XCBuildConfiguration;
			buildSettings = {
				ALWAYS_EMBED_SWIFT_STANDARD_LIBRARIES = YES;
				CODE_SIGN_STYLE = Automatic;
				DEVELOPMENT_TEAM = CY884D2HTC;
				INFOPLIST_FILE = DocumentsUITests/Info.plist;
				LD_RUNPATH_SEARCH_PATHS = (
					"$(inherited)",
					"@executable_path/Frameworks",
					"@loader_path/Frameworks",
				);
				PRODUCT_BUNDLE_IDENTIFIER = online.edu.missouri.DocumentsUITests;
				PRODUCT_NAME = "$(TARGET_NAME)";
				SWIFT_VERSION = 4.2;
				TARGETED_DEVICE_FAMILY = "1,2";
				TEST_TARGET_NAME = Documents;
			};
			name = Debug;
		};
		E2367941213F1C5600F040E1 /* Release */ = {
			isa = XCBuildConfiguration;
			buildSettings = {
				ALWAYS_EMBED_SWIFT_STANDARD_LIBRARIES = YES;
				CODE_SIGN_STYLE = Automatic;
				DEVELOPMENT_TEAM = CY884D2HTC;
				INFOPLIST_FILE = DocumentsUITests/Info.plist;
				LD_RUNPATH_SEARCH_PATHS = (
					"$(inherited)",
					"@executable_path/Frameworks",
					"@loader_path/Frameworks",
				);
				PRODUCT_BUNDLE_IDENTIFIER = online.edu.missouri.DocumentsUITests;
				PRODUCT_NAME = "$(TARGET_NAME)";
				SWIFT_VERSION = 4.2;
				TARGETED_DEVICE_FAMILY = "1,2";
				TEST_TARGET_NAME = Documents;
			};
			name = Release;
		};
/* End XCBuildConfiguration section */

/* Begin XCConfigurationList section */
		E2367909213F1C5400F040E1 /* Build configuration list for PBXProject "Documents" */ = {
			isa = XCConfigurationList;
			buildConfigurations = (
				E2367937213F1C5600F040E1 /* Debug */,
				E2367938213F1C5600F040E1 /* Release */,
			);
			defaultConfigurationIsVisible = 0;
			defaultConfigurationName = Release;
		};
		E2367939213F1C5600F040E1 /* Build configuration list for PBXNativeTarget "Documents" */ = {
			isa = XCConfigurationList;
			buildConfigurations = (
				E236793A213F1C5600F040E1 /* Debug */,
				E236793B213F1C5600F040E1 /* Release */,
			);
			defaultConfigurationIsVisible = 0;
			defaultConfigurationName = Release;
		};
		E236793C213F1C5600F040E1 /* Build configuration list for PBXNativeTarget "DocumentsTests" */ = {
			isa = XCConfigurationList;
			buildConfigurations = (
				E236793D213F1C5600F040E1 /* Debug */,
				E236793E213F1C5600F040E1 /* Release */,
			);
			defaultConfigurationIsVisible = 0;
			defaultConfigurationName = Release;
		};
		E236793F213F1C5600F040E1 /* Build configuration list for PBXNativeTarget "DocumentsUITests" */ = {
			isa = XCConfigurationList;
			buildConfigurations = (
				E2367940213F1C5600F040E1 /* Debug */,
				E2367941213F1C5600F040E1 /* Release */,
			);
			defaultConfigurationIsVisible = 0;
			defaultConfigurationName = Release;
		};
/* End XCConfigurationList section */

/* Begin XCVersionGroup section */
		E2367918213F1C5400F040E1 /* Documents.xcdatamodeld */ = {
			isa = XCVersionGroup;
			children = (
				E2367919213F1C5400F040E1 /* Documents.xcdatamodel */,
			);
			currentVersion = E2367919213F1C5400F040E1 /* Documents.xcdatamodel */;
			path = Documents.xcdatamodeld;
			sourceTree = "<group>";
			versionGroupType = wrapper.xcdatamodel;
		};
/* End XCVersionGroup section */
	};
	rootObject = E2367906213F1C5400F040E1 /* Project object */;
}
